
Microsoft Visual Studio Solution File, Format Version 12.00
# Visual Studio Version 17
VisualStudioVersion = 17.6.33717.318
MinimumVisualStudioVersion = 10.0.40219.1
Project("{9A19103F-16F7-4668-BE54-9A1E7A4F7556}") = "Corely.IAM.ConsoleApp", "Corely.IAM.ConsoleTest\Corely.IAM.ConsoleApp.csproj", "{00650092-1E47-4E30-ACDD-FF2E988BDF6E}"
EndProject
Project("{9A19103F-16F7-4668-BE54-9A1E7A4F7556}") = "Corely.IAM.UnitTests", "Corely.IAM.UnitTests\Corely.IAM.UnitTests.csproj", "{2C44C9BD-5486-45AE-8921-4855DF5DF9D5}"
EndProject
Project("{2150E333-8FDC-42A3-9474-1A3956D46DE8}") = "Solution Items", "Solution Items", "{BFDA9561-A99A-48F5-8346-2AA4EE57CFFA}"
	ProjectSection(SolutionItems) = preProject
		.editorconfig = .editorconfig
		.gitattributes = .gitattributes
		.gitignore = .gitignore
		CONTRIBUTING.md = CONTRIBUTING.md
		.github\instructions\copilot-instructions.md = .github\instructions\copilot-instructions.md
		Feature-Ideas.md = Feature-Ideas.md
		LICENSE = LICENSE
		README.md = README.md
		RebuildAndTest.ps1 = RebuildAndTest.ps1
	EndProjectSection
EndProject
Project("{9A19103F-16F7-4668-BE54-9A1E7A4F7556}") = "Corely.IAM", "Corely.IAM\Corely.IAM.csproj", "{B8428647-121D-476A-BBD6-B377D159417A}"
EndProject
Project("{9A19103F-16F7-4668-BE54-9A1E7A4F7556}") = "Corely.IAM.DevTools", "Corely.IAM.DevTools\Corely.IAM.DevTools.csproj", "{AA4DFB75-9A22-44DA-8682-9ACD2941A8A1}"
EndProject
Project("{9A19103F-16F7-4668-BE54-9A1E7A4F7556}") = "Corely.IAM.DataAccessMigrations", "Corely.IAM.DataAccessMigrations\Corely.IAM.DataAccessMigrations.csproj", "{792DE99D-F0A7-47B9-85F6-B566B04CF643}"
EndProject
Global
	GlobalSection(SolutionConfigurationPlatforms) = preSolution
		Debug|Any CPU = Debug|Any CPU
		Release|Any CPU = Release|Any CPU
	EndGlobalSection
	GlobalSection(ProjectConfigurationPlatforms) = postSolution
		{00650092-1E47-4E30-ACDD-FF2E988BDF6E}.Debug|Any CPU.ActiveCfg = Debug|Any CPU
		{00650092-1E47-4E30-ACDD-FF2E988BDF6E}.Debug|Any CPU.Build.0 = Debug|Any CPU
		{00650092-1E47-4E30-ACDD-FF2E988BDF6E}.Release|Any CPU.ActiveCfg = Release|Any CPU
		{00650092-1E47-4E30-ACDD-FF2E988BDF6E}.Release|Any CPU.Build.0 = Release|Any CPU
		{2C44C9BD-5486-45AE-8921-4855DF5DF9D5}.Debug|Any CPU.ActiveCfg = Debug|Any CPU
		{2C44C9BD-5486-45AE-8921-4855DF5DF9D5}.Debug|Any CPU.Build.0 = Debug|Any CPU
		{2C44C9BD-5486-45AE-8921-4855DF5DF9D5}.Release|Any CPU.ActiveCfg = Release|Any CPU
		{2C44C9BD-5486-45AE-8921-4855DF5DF9D5}.Release|Any CPU.Build.0 = Release|Any CPU
		{B8428647-121D-476A-BBD6-B377D159417A}.Debug|Any CPU.ActiveCfg = Debug|Any CPU
		{B8428647-121D-476A-BBD6-B377D159417A}.Debug|Any CPU.Build.0 = Debug|Any CPU
		{B8428647-121D-476A-BBD6-B377D159417A}.Release|Any CPU.ActiveCfg = Release|Any CPU
		{B8428647-121D-476A-BBD6-B377D159417A}.Release|Any CPU.Build.0 = Release|Any CPU
		{AA4DFB75-9A22-44DA-8682-9ACD2941A8A1}.Debug|Any CPU.ActiveCfg = Debug|Any CPU
		{AA4DFB75-9A22-44DA-8682-9ACD2941A8A1}.Debug|Any CPU.Build.0 = Debug|Any CPU
		{AA4DFB75-9A22-44DA-8682-9ACD2941A8A1}.Release|Any CPU.ActiveCfg = Release|Any CPU
		{AA4DFB75-9A22-44DA-8682-9ACD2941A8A1}.Release|Any CPU.Build.0 = Release|Any CPU
		{792DE99D-F0A7-47B9-85F6-B566B04CF643}.Debug|Any CPU.ActiveCfg = Debug|Any CPU
		{792DE99D-F0A7-47B9-85F6-B566B04CF643}.Debug|Any CPU.Build.0 = Debug|Any CPU
		{792DE99D-F0A7-47B9-85F6-B566B04CF643}.Release|Any CPU.ActiveCfg = Release|Any CPU
		{792DE99D-F0A7-47B9-85F6-B566B04CF643}.Release|Any CPU.Build.0 = Release|Any CPU
	EndGlobalSection
	GlobalSection(SolutionProperties) = preSolution
		HideSolutionNode = FALSE
	EndGlobalSection
	GlobalSection(ExtensibilityGlobals) = postSolution
		SolutionGuid = {93E9132F-4FEB-4246-B099-CB9A386F81EA}
	EndGlobalSection
EndGlobal
